
Microsoft Visual Studio Solution File, Format Version 12.00
# Visual Studio Version 16
VisualStudioVersion = 16.0.31624.102
MinimumVisualStudioVersion = 10.0.40219.1
Project("{8BC9CEB8-8B4A-11D0-8D11-00A0C91BC942}") = "Deque", "Deque\Deque.vcxproj", "{5A0DA2A1-1673-4479-9BB6-3385717D19A8}"
EndProject
Global
	GlobalSection(SolutionConfigurationPlatforms) = preSolution
		Debug|x64 = Debug|x64
		Debug|x86 = Debug|x86
		Release|x64 = Release|x64
		Release|x86 = Release|x86
	EndGlobalSection
	GlobalSection(ProjectConfigurationPlatforms) = postSolution
		{5A0DA2A1-1673-4479-9BB6-3385717D19A8}.Debug|x64.ActiveCfg = Debug|x64
		{5A0DA2A1-1673-4479-9BB6-3385717D19A8}.Debug|x64.Build.0 = Debug|x64
		{5A0DA2A1-1673-4479-9BB6-3385717D19A8}.Debug|x86.ActiveCfg = Debug|Win32
		{5A0DA2A1-1673-4479-9BB6-3385717D19A8}.Debug|x86.Build.0 = Debug|Win32
		{5A0DA2A1-1673-4479-9BB6-3385717D19A8}.Release|x64.ActiveCfg = Release|x64
		{5A0DA2A1-1673-4479-9BB6-3385717D19A8}.Release|x64.Build.0 = Release|x64
		{5A0DA2A1-1673-4479-9BB6-3385717D19A8}.Release|x86.ActiveCfg = Release|Win32
		{5A0DA2A1-1673-4479-9BB6-3385717D19A8}.Release|x86.Build.0 = Release|Win32
	EndGlobalSection
	GlobalSection(SolutionProperties) = preSolution
		HideSolutionNode = FALSE
	EndGlobalSection
	GlobalSection(ExtensibilityGlobals) = postSolution
		SolutionGuid = {9CFECED8-307D-4AC6-B208-D9615AAB22F2}
	EndGlobalSection
EndGlobal
