
Microsoft Visual Studio Solution File, Format Version 12.00
# Visual Studio Version 16
VisualStudioVersion = 16.0.31624.102
MinimumVisualStudioVersion = 10.0.40219.1
Project("{8BC9CEB8-8B4A-11D0-8D11-00A0C91BC942}") = "XOREncoding", "XOREncoding\XOREncoding.vcxproj", "{92C179A2-718C-4A98-8461-A5E61261695B}"
EndProject
Global
	GlobalSection(SolutionConfigurationPlatforms) = preSolution
		Debug|x64 = Debug|x64
		Debug|x86 = Debug|x86
		Release|x64 = Release|x64
		Release|x86 = Release|x86
	EndGlobalSection
	GlobalSection(ProjectConfigurationPlatforms) = postSolution
		{92C179A2-718C-4A98-8461-A5E61261695B}.Debug|x64.ActiveCfg = Debug|x64
		{92C179A2-718C-4A98-8461-A5E61261695B}.Debug|x64.Build.0 = Debug|x64
		{92C179A2-718C-4A98-8461-A5E61261695B}.Debug|x86.ActiveCfg = Debug|Win32
		{92C179A2-718C-4A98-8461-A5E61261695B}.Debug|x86.Build.0 = Debug|Win32
		{92C179A2-718C-4A98-8461-A5E61261695B}.Release|x64.ActiveCfg = Release|x64
		{92C179A2-718C-4A98-8461-A5E61261695B}.Release|x64.Build.0 = Release|x64
		{92C179A2-718C-4A98-8461-A5E61261695B}.Release|x86.ActiveCfg = Release|Win32
		{92C179A2-718C-4A98-8461-A5E61261695B}.Release|x86.Build.0 = Release|Win32
	EndGlobalSection
	GlobalSection(SolutionProperties) = preSolution
		HideSolutionNode = FALSE
	EndGlobalSection
	GlobalSection(ExtensibilityGlobals) = postSolution
		SolutionGuid = {5CF7A9FD-6ACA-48E4-8F77-FCFE05BC4594}
	EndGlobalSection
EndGlobal
